
Microsoft Visual Studio Solution File, Format Version 12.00
# Visual Studio 15
VisualStudioVersion = 15.0.27130.2027
MinimumVisualStudioVersion = 10.0.40219.1
Project("{FAE04EC0-301F-11D3-BF4B-00C04F79EFBC}") = "BankAccount", "BankAccount\BankAccount.csproj", "{078AC358-7AC9-4A43-B70E-6015B250A2D5}"
EndProject
Global
	GlobalSection(SolutionConfigurationPlatforms) = preSolution
		Debug|Any CPU = Debug|Any CPU
		Release|Any CPU = Release|Any CPU
	EndGlobalSection
	GlobalSection(ProjectConfigurationPlatforms) = postSolution
		{078AC358-7AC9-4A43-B70E-6015B250A2D5}.Debug|Any CPU.ActiveCfg = Debug|Any CPU
		{078AC358-7AC9-4A43-B70E-6015B250A2D5}.Debug|Any CPU.Build.0 = Debug|Any CPU
		{078AC358-7AC9-4A43-B70E-6015B250A2D5}.Release|Any CPU.ActiveCfg = Release|Any CPU
		{078AC358-7AC9-4A43-B70E-6015B250A2D5}.Release|Any CPU.Build.0 = Release|Any CPU
	EndGlobalSection
	GlobalSection(SolutionProperties) = preSolution
		HideSolutionNode = FALSE
	EndGlobalSection
	GlobalSection(ExtensibilityGlobals) = postSolution
		SolutionGuid = {DE5A0C5C-8B51-434A-AF2F-16AE1B61BEEB}
	EndGlobalSection
EndGlobal
